// !$*UTF8*$!
{
	archiveVersion = 1;
	classes = {
	};
	objectVersion = 55;
	objects = {

/* Begin PBXBuildFile section */
		BF0DE86A288311960048905C /* Posting.swift in Sources */ = {isa = PBXBuildFile; fileRef = BF0DE869288311960048905C /* Posting.swift */; };
		BF0DE86E288314640048905C /* CarterOne-Regular.ttf in Resources */ = {isa = PBXBuildFile; fileRef = BF0DE86D288314640048905C /* CarterOne-Regular.ttf */; };
		BF0DE870288316E80048905C /* K.swift in Sources */ = {isa = PBXBuildFile; fileRef = BF0DE86F288316E80048905C /* K.swift */; };
		BF0DE8732883181A0048905C /* PostingTableViewCell.swift in Sources */ = {isa = PBXBuildFile; fileRef = BF0DE8712883181A0048905C /* PostingTableViewCell.swift */; };
		BF0DE8742883181A0048905C /* PostingTableViewCell.xib in Resources */ = {isa = PBXBuildFile; fileRef = BF0DE8722883181A0048905C /* PostingTableViewCell.xib */; };
		BF3708A1288D99F100A99482 /* JoinData.swift in Sources */ = {isa = PBXBuildFile; fileRef = BF3708A0288D99F100A99482 /* JoinData.swift */; };
		BF440DF42887389000DABCA5 /* CommentTableViewCell.xib in Resources */ = {isa = PBXBuildFile; fileRef = BF440DF22887389000DABCA5 /* CommentTableViewCell.xib */; };
		BF49D97328A4A787008C93B9 /* PostDetail.swift in Sources */ = {isa = PBXBuildFile; fileRef = BF49D97228A4A787008C93B9 /* PostDetail.swift */; };
		BF49D97528A4BFD9008C93B9 /* TitleCellViewModel.swift in Sources */ = {isa = PBXBuildFile; fileRef = BF49D97428A4BFD9008C93B9 /* TitleCellViewModel.swift */; };
		BF49D97728A4C610008C93B9 /* TopStackViewCellViewModel.swift in Sources */ = {isa = PBXBuildFile; fileRef = BF49D97628A4C610008C93B9 /* TopStackViewCellViewModel.swift */; };
		BF49D97928A4CB2B008C93B9 /* OverviewCellViewModel.swift in Sources */ = {isa = PBXBuildFile; fileRef = BF49D97828A4CB2B008C93B9 /* OverviewCellViewModel.swift */; };
		BF49D97B28A4CC60008C93B9 /* BottomStackvViewCellViewModel.swift in Sources */ = {isa = PBXBuildFile; fileRef = BF49D97A28A4CC60008C93B9 /* BottomStackvViewCellViewModel.swift */; };
		BF56AAE12888035F001D74C8 /* UserData.swift in Sources */ = {isa = PBXBuildFile; fileRef = BF56AAE02888035F001D74C8 /* UserData.swift */; };
		BF6A3F4B2885AF0500D33C6D /* PostingDetail.swift in Sources */ = {isa = PBXBuildFile; fileRef = BF6A3F4A2885AF0400D33C6D /* PostingDetail.swift */; };
		BF6DA09228807C3200177714 /* AppDelegate.swift in Sources */ = {isa = PBXBuildFile; fileRef = BF6DA09128807C3200177714 /* AppDelegate.swift */; };
		BF6DA09428807C3200177714 /* SceneDelegate.swift in Sources */ = {isa = PBXBuildFile; fileRef = BF6DA09328807C3200177714 /* SceneDelegate.swift */; };
		BF6DA09928807C3200177714 /* Main.storyboard in Resources */ = {isa = PBXBuildFile; fileRef = BF6DA09728807C3200177714 /* Main.storyboard */; };
		BF6DA09B28807C3300177714 /* Assets.xcassets in Resources */ = {isa = PBXBuildFile; fileRef = BF6DA09A28807C3300177714 /* Assets.xcassets */; };
		BF6DA09E28807C3300177714 /* LaunchScreen.storyboard in Resources */ = {isa = PBXBuildFile; fileRef = BF6DA09C28807C3300177714 /* LaunchScreen.storyboard */; };
		BF9095B728A0A40E00DA01B1 /* HomeViewController.swift in Sources */ = {isa = PBXBuildFile; fileRef = BF9095B628A0A40E00DA01B1 /* HomeViewController.swift */; };
		BF9095BA28A0ADF300DA01B1 /* HomeViewModel.swift in Sources */ = {isa = PBXBuildFile; fileRef = BF9095B928A0ADF300DA01B1 /* HomeViewModel.swift */; };
		BF9095BF28A0BDCA00DA01B1 /* Post.swift in Sources */ = {isa = PBXBuildFile; fileRef = BF9095BE28A0BDCA00DA01B1 /* Post.swift */; };
		BF9095C128A0BE6D00DA01B1 /* PostNetwork.swift in Sources */ = {isa = PBXBuildFile; fileRef = BF9095C028A0BE6D00DA01B1 /* PostNetwork.swift */; };
		BF9095C928A1004300DA01B1 /* PostCell.swift in Sources */ = {isa = PBXBuildFile; fileRef = BF9095C828A1004300DA01B1 /* PostCell.swift */; };
		BF9095CB28A1155900DA01B1 /* TitleCell.swift in Sources */ = {isa = PBXBuildFile; fileRef = BF9095CA28A1155900DA01B1 /* TitleCell.swift */; };
		BF9095CF28A124AE00DA01B1 /* SearchViewController.swift in Sources */ = {isa = PBXBuildFile; fileRef = BF9095CE28A124AE00DA01B1 /* SearchViewController.swift */; };
		BF9095D128A1299F00DA01B1 /* SearchViewModel.swift in Sources */ = {isa = PBXBuildFile; fileRef = BF9095D028A1299F00DA01B1 /* SearchViewModel.swift */; };
		BF9095D428A1327800DA01B1 /* HomeRepository.swift in Sources */ = {isa = PBXBuildFile; fileRef = BF9095D328A1327800DA01B1 /* HomeRepository.swift */; };
		BF9095D628A1342A00DA01B1 /* SearchRepository.swift in Sources */ = {isa = PBXBuildFile; fileRef = BF9095D528A1342A00DA01B1 /* SearchRepository.swift */; };
		BF9095E028A1389800DA01B1 /* DetailViewController.swift in Sources */ = {isa = PBXBuildFile; fileRef = BF9095DF28A1389800DA01B1 /* DetailViewController.swift */; };
		BF9095E228A138B300DA01B1 /* DetailViewModel.swift in Sources */ = {isa = PBXBuildFile; fileRef = BF9095E128A138B300DA01B1 /* DetailViewModel.swift */; };
		BF9095E428A15F8200DA01B1 /* PostCellViewModel.swift in Sources */ = {isa = PBXBuildFile; fileRef = BF9095E328A15F8200DA01B1 /* PostCellViewModel.swift */; };
		BF90A60A28894CDC0077E479 /* Pods_Movie_RnR_iOS.framework in Frameworks */ = {isa = PBXBuildFile; fileRef = 55FFDBC937D660670ED9197C /* Pods_Movie_RnR_iOS.framework */; };
		BF98ED4B28A2B853001E65F6 /* ImageCell.swift in Sources */ = {isa = PBXBuildFile; fileRef = BF98ED4A28A2B853001E65F6 /* ImageCell.swift */; };
		BF98ED4D28A2BF80001E65F6 /* TopStackViewCell.swift in Sources */ = {isa = PBXBuildFile; fileRef = BF98ED4C28A2BF80001E65F6 /* TopStackViewCell.swift */; };
		BF98ED4F28A2C244001E65F6 /* OverviewCell.swift in Sources */ = {isa = PBXBuildFile; fileRef = BF98ED4E28A2C244001E65F6 /* OverviewCell.swift */; };
		BF98ED5128A2C4C1001E65F6 /* BottomStackViewCell.swift in Sources */ = {isa = PBXBuildFile; fileRef = BF98ED5028A2C4C1001E65F6 /* BottomStackViewCell.swift */; };
		BF98ED5328A2C80E001E65F6 /* CommentViewController.swift in Sources */ = {isa = PBXBuildFile; fileRef = BF98ED5228A2C80E001E65F6 /* CommentViewController.swift */; };
		BF98ED5828A2D161001E65F6 /* CommentCell.swift in Sources */ = {isa = PBXBuildFile; fileRef = BF98ED5728A2D161001E65F6 /* CommentCell.swift */; };
		BF98ED6128A2D2CA001E65F6 /* CommentViewModel.swift in Sources */ = {isa = PBXBuildFile; fileRef = BF98ED6028A2D2CA001E65F6 /* CommentViewModel.swift */; };
		BF98ED6328A2D5DE001E65F6 /* CommentNetwork.swift in Sources */ = {isa = PBXBuildFile; fileRef = BF98ED6228A2D5DE001E65F6 /* CommentNetwork.swift */; };
		BF98ED6528A2D672001E65F6 /* Comment.swift in Sources */ = {isa = PBXBuildFile; fileRef = BF98ED6428A2D672001E65F6 /* Comment.swift */; };
		BFAC2C7B28832F3600CF3E49 /* TitleTableViewCell.swift in Sources */ = {isa = PBXBuildFile; fileRef = BFAC2C7928832F3600CF3E49 /* TitleTableViewCell.swift */; };
		BFAC2C7C28832F3600CF3E49 /* TitleTableViewCell.xib in Resources */ = {isa = PBXBuildFile; fileRef = BFAC2C7A28832F3600CF3E49 /* TitleTableViewCell.xib */; };
		BFFE98462884660A003B5AF8 /* Jua-Regular.ttf in Resources */ = {isa = PBXBuildFile; fileRef = BFFE98452884660A003B5AF8 /* Jua-Regular.ttf */; };
/* End PBXBuildFile section */

/* Begin PBXFileReference section */
		55FFDBC937D660670ED9197C /* Pods_Movie_RnR_iOS.framework */ = {isa = PBXFileReference; explicitFileType = wrapper.framework; includeInIndex = 0; path = Pods_Movie_RnR_iOS.framework; sourceTree = BUILT_PRODUCTS_DIR; };
		A3834DE8E9E89CF4F27F9527 /* Pods-Movie_RnR_iOS.debug.xcconfig */ = {isa = PBXFileReference; includeInIndex = 1; lastKnownFileType = text.xcconfig; name = "Pods-Movie_RnR_iOS.debug.xcconfig"; path = "Target Support Files/Pods-Movie_RnR_iOS/Pods-Movie_RnR_iOS.debug.xcconfig"; sourceTree = "<group>"; };
		BF0DE869288311960048905C /* Posting.swift */ = {isa = PBXFileReference; lastKnownFileType = sourcecode.swift; path = Posting.swift; sourceTree = "<group>"; };
		BF0DE86D288314640048905C /* CarterOne-Regular.ttf */ = {isa = PBXFileReference; lastKnownFileType = file; path = "CarterOne-Regular.ttf"; sourceTree = "<group>"; };
		BF0DE86F288316E80048905C /* K.swift */ = {isa = PBXFileReference; lastKnownFileType = sourcecode.swift; path = K.swift; sourceTree = "<group>"; };
		BF0DE8712883181A0048905C /* PostingTableViewCell.swift */ = {isa = PBXFileReference; lastKnownFileType = sourcecode.swift; path = PostingTableViewCell.swift; sourceTree = "<group>"; };
		BF0DE8722883181A0048905C /* PostingTableViewCell.xib */ = {isa = PBXFileReference; lastKnownFileType = file.xib; path = PostingTableViewCell.xib; sourceTree = "<group>"; };
		BF1530E8288E8B9F009569D1 /* DangerZoneViewController.swift */ = {isa = PBXFileReference; lastKnownFileType = sourcecode.swift; path = DangerZoneViewController.swift; sourceTree = "<group>"; };
		BF1530EA288FA79F009569D1 /* ChangePasswordViewController.swift */ = {isa = PBXFileReference; lastKnownFileType = sourcecode.swift; path = ChangePasswordViewController.swift; sourceTree = "<group>"; };
		BF1530EC2890477E009569D1 /* SearchViewController.swift */ = {isa = PBXFileReference; lastKnownFileType = sourcecode.swift; path = SearchViewController.swift; sourceTree = "<group>"; };
		BF187343288592D8003BAF16 /* PostingManager.swift */ = {isa = PBXFileReference; lastKnownFileType = sourcecode.swift; path = PostingManager.swift; sourceTree = "<group>"; };
		BF37089C288D539C00A99482 /* JoinViewController.swift */ = {isa = PBXFileReference; lastKnownFileType = sourcecode.swift; path = JoinViewController.swift; sourceTree = "<group>"; };
		BF37089E288D94A400A99482 /* JoinManager.swift */ = {isa = PBXFileReference; lastKnownFileType = sourcecode.swift; path = JoinManager.swift; sourceTree = "<group>"; };
		BF3708A0288D99F100A99482 /* JoinData.swift */ = {isa = PBXFileReference; lastKnownFileType = sourcecode.swift; path = JoinData.swift; sourceTree = "<group>"; };
		BF440DED28872A7000DABCA5 /* Comment.swift */ = {isa = PBXFileReference; lastKnownFileType = sourcecode.swift; path = Comment.swift; sourceTree = "<group>"; };
		BF440DEF28872AD200DABCA5 /* CommentManager.swift */ = {isa = PBXFileReference; lastKnownFileType = sourcecode.swift; path = CommentManager.swift; sourceTree = "<group>"; };
		BF440DF12887389000DABCA5 /* CommentTableViewCell.swift */ = {isa = PBXFileReference; lastKnownFileType = sourcecode.swift; path = CommentTableViewCell.swift; sourceTree = "<group>"; };
		BF440DF22887389000DABCA5 /* CommentTableViewCell.xib */ = {isa = PBXFileReference; lastKnownFileType = file.xib; path = CommentTableViewCell.xib; sourceTree = "<group>"; };
		BF49D97228A4A787008C93B9 /* PostDetail.swift */ = {isa = PBXFileReference; lastKnownFileType = sourcecode.swift; path = PostDetail.swift; sourceTree = "<group>"; };
		BF49D97428A4BFD9008C93B9 /* TitleCellViewModel.swift */ = {isa = PBXFileReference; lastKnownFileType = sourcecode.swift; path = TitleCellViewModel.swift; sourceTree = "<group>"; };
		BF49D97628A4C610008C93B9 /* TopStackViewCellViewModel.swift */ = {isa = PBXFileReference; lastKnownFileType = sourcecode.swift; path = TopStackViewCellViewModel.swift; sourceTree = "<group>"; };
		BF49D97828A4CB2B008C93B9 /* OverviewCellViewModel.swift */ = {isa = PBXFileReference; lastKnownFileType = sourcecode.swift; path = OverviewCellViewModel.swift; sourceTree = "<group>"; };
		BF49D97A28A4CC60008C93B9 /* BottomStackvViewCellViewModel.swift */ = {isa = PBXFileReference; lastKnownFileType = sourcecode.swift; path = BottomStackvViewCellViewModel.swift; sourceTree = "<group>"; };
		BF56AADE288801C7001D74C8 /* LoginViewController.swift */ = {isa = PBXFileReference; lastKnownFileType = sourcecode.swift; path = LoginViewController.swift; sourceTree = "<group>"; };
		BF56AAE02888035F001D74C8 /* UserData.swift */ = {isa = PBXFileReference; lastKnownFileType = sourcecode.swift; path = UserData.swift; sourceTree = "<group>"; };
		BF56AAE228881B0B001D74C8 /* UserManager.swift */ = {isa = PBXFileReference; lastKnownFileType = sourcecode.swift; path = UserManager.swift; sourceTree = "<group>"; };
		BF6A3F4A2885AF0400D33C6D /* PostingDetail.swift */ = {isa = PBXFileReference; lastKnownFileType = sourcecode.swift; path = PostingDetail.swift; sourceTree = "<group>"; };
		BF6DA08E28807C3200177714 /* Movie_RnR_iOS.app */ = {isa = PBXFileReference; explicitFileType = wrapper.application; includeInIndex = 0; path = Movie_RnR_iOS.app; sourceTree = BUILT_PRODUCTS_DIR; };
		BF6DA09128807C3200177714 /* AppDelegate.swift */ = {isa = PBXFileReference; lastKnownFileType = sourcecode.swift; path = AppDelegate.swift; sourceTree = "<group>"; };
		BF6DA09328807C3200177714 /* SceneDelegate.swift */ = {isa = PBXFileReference; lastKnownFileType = sourcecode.swift; path = SceneDelegate.swift; sourceTree = "<group>"; };
		BF6DA09528807C3200177714 /* HomeViewController.swift */ = {isa = PBXFileReference; lastKnownFileType = sourcecode.swift; path = HomeViewController.swift; sourceTree = "<group>"; };
		BF6DA09828807C3200177714 /* Base */ = {isa = PBXFileReference; lastKnownFileType = file.storyboard; name = Base; path = Base.lproj/Main.storyboard; sourceTree = "<group>"; };
		BF6DA09A28807C3300177714 /* Assets.xcassets */ = {isa = PBXFileReference; lastKnownFileType = folder.assetcatalog; path = Assets.xcassets; sourceTree = "<group>"; };
		BF6DA09D28807C3300177714 /* Base */ = {isa = PBXFileReference; lastKnownFileType = file.storyboard; name = Base; path = Base.lproj/LaunchScreen.storyboard; sourceTree = "<group>"; };
		BF6DA09F28807C3300177714 /* Info.plist */ = {isa = PBXFileReference; lastKnownFileType = text.plist.xml; path = Info.plist; sourceTree = "<group>"; };
		BF9095B628A0A40E00DA01B1 /* HomeViewController.swift */ = {isa = PBXFileReference; lastKnownFileType = sourcecode.swift; path = HomeViewController.swift; sourceTree = "<group>"; };
		BF9095B928A0ADF300DA01B1 /* HomeViewModel.swift */ = {isa = PBXFileReference; lastKnownFileType = sourcecode.swift; path = HomeViewModel.swift; sourceTree = "<group>"; };
		BF9095BE28A0BDCA00DA01B1 /* Post.swift */ = {isa = PBXFileReference; lastKnownFileType = sourcecode.swift; path = Post.swift; sourceTree = "<group>"; };
		BF9095C028A0BE6D00DA01B1 /* PostNetwork.swift */ = {isa = PBXFileReference; lastKnownFileType = sourcecode.swift; path = PostNetwork.swift; sourceTree = "<group>"; };
		BF9095C828A1004300DA01B1 /* PostCell.swift */ = {isa = PBXFileReference; lastKnownFileType = sourcecode.swift; path = PostCell.swift; sourceTree = "<group>"; };
		BF9095CA28A1155900DA01B1 /* TitleCell.swift */ = {isa = PBXFileReference; lastKnownFileType = sourcecode.swift; path = TitleCell.swift; sourceTree = "<group>"; };
		BF9095CE28A124AE00DA01B1 /* SearchViewController.swift */ = {isa = PBXFileReference; lastKnownFileType = sourcecode.swift; path = SearchViewController.swift; sourceTree = "<group>"; };
		BF9095D028A1299F00DA01B1 /* SearchViewModel.swift */ = {isa = PBXFileReference; lastKnownFileType = sourcecode.swift; path = SearchViewModel.swift; sourceTree = "<group>"; };
		BF9095D328A1327800DA01B1 /* HomeRepository.swift */ = {isa = PBXFileReference; lastKnownFileType = sourcecode.swift; path = HomeRepository.swift; sourceTree = "<group>"; };
		BF9095D528A1342A00DA01B1 /* SearchRepository.swift */ = {isa = PBXFileReference; lastKnownFileType = sourcecode.swift; path = SearchRepository.swift; sourceTree = "<group>"; };
		BF9095DF28A1389800DA01B1 /* DetailViewController.swift */ = {isa = PBXFileReference; lastKnownFileType = sourcecode.swift; path = DetailViewController.swift; sourceTree = "<group>"; };
		BF9095E128A138B300DA01B1 /* DetailViewModel.swift */ = {isa = PBXFileReference; lastKnownFileType = sourcecode.swift; path = DetailViewModel.swift; sourceTree = "<group>"; };
		BF9095E328A15F8200DA01B1 /* PostCellViewModel.swift */ = {isa = PBXFileReference; lastKnownFileType = sourcecode.swift; path = PostCellViewModel.swift; sourceTree = "<group>"; };
		BF98ED4A28A2B853001E65F6 /* ImageCell.swift */ = {isa = PBXFileReference; lastKnownFileType = sourcecode.swift; path = ImageCell.swift; sourceTree = "<group>"; };
		BF98ED4C28A2BF80001E65F6 /* TopStackViewCell.swift */ = {isa = PBXFileReference; lastKnownFileType = sourcecode.swift; path = TopStackViewCell.swift; sourceTree = "<group>"; };
		BF98ED4E28A2C244001E65F6 /* OverviewCell.swift */ = {isa = PBXFileReference; lastKnownFileType = sourcecode.swift; path = OverviewCell.swift; sourceTree = "<group>"; };
		BF98ED5028A2C4C1001E65F6 /* BottomStackViewCell.swift */ = {isa = PBXFileReference; lastKnownFileType = sourcecode.swift; path = BottomStackViewCell.swift; sourceTree = "<group>"; };
		BF98ED5228A2C80E001E65F6 /* CommentViewController.swift */ = {isa = PBXFileReference; lastKnownFileType = sourcecode.swift; path = CommentViewController.swift; sourceTree = "<group>"; };
		BF98ED5728A2D161001E65F6 /* CommentCell.swift */ = {isa = PBXFileReference; lastKnownFileType = sourcecode.swift; path = CommentCell.swift; sourceTree = "<group>"; };
		BF98ED6028A2D2CA001E65F6 /* CommentViewModel.swift */ = {isa = PBXFileReference; lastKnownFileType = sourcecode.swift; path = CommentViewModel.swift; sourceTree = "<group>"; };
		BF98ED6228A2D5DE001E65F6 /* CommentNetwork.swift */ = {isa = PBXFileReference; lastKnownFileType = sourcecode.swift; path = CommentNetwork.swift; sourceTree = "<group>"; };
		BF98ED6428A2D672001E65F6 /* Comment.swift */ = {isa = PBXFileReference; lastKnownFileType = sourcecode.swift; path = Comment.swift; sourceTree = "<group>"; };
		BFA71BED288A944200782C86 /* ViewPostingsViewController.swift */ = {isa = PBXFileReference; lastKnownFileType = sourcecode.swift; path = ViewPostingsViewController.swift; sourceTree = "<group>"; };
		BFA71BEF288A99A500782C86 /* EditProfileViewController.swift */ = {isa = PBXFileReference; lastKnownFileType = sourcecode.swift; path = EditProfileViewController.swift; sourceTree = "<group>"; };
		BFAC2C7928832F3600CF3E49 /* TitleTableViewCell.swift */ = {isa = PBXFileReference; lastKnownFileType = sourcecode.swift; path = TitleTableViewCell.swift; sourceTree = "<group>"; };
		BFAC2C7A28832F3600CF3E49 /* TitleTableViewCell.xib */ = {isa = PBXFileReference; lastKnownFileType = file.xib; path = TitleTableViewCell.xib; sourceTree = "<group>"; };
		BFF4107B28899E3300DA9043 /* StartViewController.swift */ = {isa = PBXFileReference; lastKnownFileType = sourcecode.swift; path = StartViewController.swift; sourceTree = "<group>"; };
		BFFE98452884660A003B5AF8 /* Jua-Regular.ttf */ = {isa = PBXFileReference; lastKnownFileType = file; path = "Jua-Regular.ttf"; sourceTree = "<group>"; };
		BFFE984728846992003B5AF8 /* DetailViewController.swift */ = {isa = PBXFileReference; lastKnownFileType = sourcecode.swift; path = DetailViewController.swift; sourceTree = "<group>"; };
		BFFF0602288925DF00885916 /* MyPageViewController.swift */ = {isa = PBXFileReference; lastKnownFileType = sourcecode.swift; path = MyPageViewController.swift; sourceTree = "<group>"; };
		BFFF060428893DF200885916 /* WebViewController.swift */ = {isa = PBXFileReference; lastKnownFileType = sourcecode.swift; path = WebViewController.swift; sourceTree = "<group>"; };
		D4D40B14C315E568C02A1A26 /* Pods-Movie_RnR_iOS.release.xcconfig */ = {isa = PBXFileReference; includeInIndex = 1; lastKnownFileType = text.xcconfig; name = "Pods-Movie_RnR_iOS.release.xcconfig"; path = "Target Support Files/Pods-Movie_RnR_iOS/Pods-Movie_RnR_iOS.release.xcconfig"; sourceTree = "<group>"; };
/* End PBXFileReference section */

/* Begin PBXFrameworksBuildPhase section */
		BF6DA08B28807C3200177714 /* Frameworks */ = {
			isa = PBXFrameworksBuildPhase;
			buildActionMask = 2147483647;
			files = (
				BF90A60A28894CDC0077E479 /* Pods_Movie_RnR_iOS.framework in Frameworks */,
			);
			runOnlyForDeploymentPostprocessing = 0;
		};
/* End PBXFrameworksBuildPhase section */

/* Begin PBXGroup section */
		80A46DEA7FE8FF7259949028 /* Frameworks */ = {
			isa = PBXGroup;
			children = (
				55FFDBC937D660670ED9197C /* Pods_Movie_RnR_iOS.framework */,
			);
			name = Frameworks;
			sourceTree = "<group>";
		};
		BF0DE86B288314460048905C /* Supporting Files */ = {
			isa = PBXGroup;
			children = (
				BF0DE86C288314560048905C /* fonts */,
				BF6DA09A28807C3300177714 /* Assets.xcassets */,
				BF0DE86F288316E80048905C /* K.swift */,
			);
			path = "Supporting Files";
			sourceTree = "<group>";
		};
		BF0DE86C288314560048905C /* fonts */ = {
			isa = PBXGroup;
			children = (
				BF0DE86D288314640048905C /* CarterOne-Regular.ttf */,
				BFFE98452884660A003B5AF8 /* Jua-Regular.ttf */,
			);
			path = fonts;
			sourceTree = "<group>";
		};
		BF440DEB28872A5300DABCA5 /* TitleTableViewCell */ = {
			isa = PBXGroup;
			children = (
				BFAC2C7928832F3600CF3E49 /* TitleTableViewCell.swift */,
				BFAC2C7A28832F3600CF3E49 /* TitleTableViewCell.xib */,
			);
			path = TitleTableViewCell;
			sourceTree = "<group>";
		};
		BF440DEC28872A5A00DABCA5 /* PostingTableViewCell */ = {
			isa = PBXGroup;
			children = (
				BF0DE8712883181A0048905C /* PostingTableViewCell.swift */,
				BF0DE8722883181A0048905C /* PostingTableViewCell.xib */,
			);
			path = PostingTableViewCell;
			sourceTree = "<group>";
		};
		BF440DF52887389600DABCA5 /* CommentTableViewCell */ = {
			isa = PBXGroup;
			children = (
				BF440DF12887389000DABCA5 /* CommentTableViewCell.swift */,
				BF440DF22887389000DABCA5 /* CommentTableViewCell.xib */,
			);
			path = CommentTableViewCell;
			sourceTree = "<group>";
		};
		BF6DA08528807C3200177714 = {
			isa = PBXGroup;
			children = (
				BF6DA09028807C3200177714 /* Movie_RnR_iOS */,
				BF6DA08F28807C3200177714 /* Products */,
				D816FA1394C55BBEDB57F896 /* Pods */,
				80A46DEA7FE8FF7259949028 /* Frameworks */,
			);
			sourceTree = "<group>";
		};
		BF6DA08F28807C3200177714 /* Products */ = {
			isa = PBXGroup;
			children = (
				BF6DA08E28807C3200177714 /* Movie_RnR_iOS.app */,
			);
			name = Products;
			sourceTree = "<group>";
		};
		BF6DA09028807C3200177714 /* Movie_RnR_iOS */ = {
			isa = PBXGroup;
			children = (
				BF9095B828A0A4D300DA01B1 /* Delegate */,
				BF9095B328A0A3D700DA01B1 /* MVVM */,
				BF9095B228A0A3CE00DA01B1 /* MVC */,
				BF0DE86B288314460048905C /* Supporting Files */,
				BF6DA09F28807C3300177714 /* Info.plist */,
			);
			path = Movie_RnR_iOS;
			sourceTree = "<group>";
		};
		BF6DA0A528807C4500177714 /* View */ = {
			isa = PBXGroup;
			children = (
				BF6DA09C28807C3300177714 /* LaunchScreen.storyboard */,
				BF6DA09728807C3200177714 /* Main.storyboard */,
				BF440DEB28872A5300DABCA5 /* TitleTableViewCell */,
				BF440DEC28872A5A00DABCA5 /* PostingTableViewCell */,
				BF440DF52887389600DABCA5 /* CommentTableViewCell */,
			);
			path = View;
			sourceTree = "<group>";
		};
		BF6DA0A628807C4F00177714 /* Controller */ = {
			isa = PBXGroup;
			children = (
				BF6DA09528807C3200177714 /* HomeViewController.swift */,
				BFFE984728846992003B5AF8 /* DetailViewController.swift */,
				BF56AADE288801C7001D74C8 /* LoginViewController.swift */,
				BF1530EA288FA79F009569D1 /* ChangePasswordViewController.swift */,
				BFFF0602288925DF00885916 /* MyPageViewController.swift */,
				BFFF060428893DF200885916 /* WebViewController.swift */,
				BFF4107B28899E3300DA9043 /* StartViewController.swift */,
				BFA71BED288A944200782C86 /* ViewPostingsViewController.swift */,
				BFA71BEF288A99A500782C86 /* EditProfileViewController.swift */,
				BF37089C288D539C00A99482 /* JoinViewController.swift */,
				BF1530E8288E8B9F009569D1 /* DangerZoneViewController.swift */,
				BF1530EC2890477E009569D1 /* SearchViewController.swift */,
			);
			path = Controller;
			sourceTree = "<group>";
		};
		BF6DA0A728807C5600177714 /* Model */ = {
			isa = PBXGroup;
			children = (
				BF0DE869288311960048905C /* Posting.swift */,
				BF187343288592D8003BAF16 /* PostingManager.swift */,
				BF6A3F4A2885AF0400D33C6D /* PostingDetail.swift */,
				BF440DED28872A7000DABCA5 /* Comment.swift */,
				BF440DEF28872AD200DABCA5 /* CommentManager.swift */,
				BF56AAE02888035F001D74C8 /* UserData.swift */,
				BF56AAE228881B0B001D74C8 /* UserManager.swift */,
				BF37089E288D94A400A99482 /* JoinManager.swift */,
				BF3708A0288D99F100A99482 /* JoinData.swift */,
			);
			path = Model;
			sourceTree = "<group>";
		};
		BF9095B228A0A3CE00DA01B1 /* MVC */ = {
			isa = PBXGroup;
			children = (
				BF6DA0A728807C5600177714 /* Model */,
				BF6DA0A528807C4500177714 /* View */,
				BF6DA0A628807C4F00177714 /* Controller */,
			);
			path = MVC;
			sourceTree = "<group>";
		};
		BF9095B328A0A3D700DA01B1 /* MVVM */ = {
			isa = PBXGroup;
			children = (
				BF9095D228A1325E00DA01B1 /* Repository */,
				BF9095BD28A0BD6200DA01B1 /* Entity */,
				BF9095BC28A0AFF100DA01B1 /* Network */,
				BF9095B428A0A3DF00DA01B1 /* Presentation */,
			);
			path = MVVM;
			sourceTree = "<group>";
		};
		BF9095B428A0A3DF00DA01B1 /* Presentation */ = {
			isa = PBXGroup;
			children = (
				BF9095C628A1001F00DA01B1 /* TableViewCell */,
				BF98ED5D28A2D296001E65F6 /* Comment */,
				BF9095DE28A1389200DA01B1 /* Detail */,
				BF9095BB28A0ADF900DA01B1 /* Home */,
				BF9095CD28A1249B00DA01B1 /* Search */,
			);
			path = Presentation;
			sourceTree = "<group>";
		};
		BF9095B828A0A4D300DA01B1 /* Delegate */ = {
			isa = PBXGroup;
			children = (
				BF6DA09128807C3200177714 /* AppDelegate.swift */,
				BF6DA09328807C3200177714 /* SceneDelegate.swift */,
			);
			path = Delegate;
			sourceTree = "<group>";
		};
		BF9095BB28A0ADF900DA01B1 /* Home */ = {
			isa = PBXGroup;
			children = (
				BF9095B628A0A40E00DA01B1 /* HomeViewController.swift */,
				BF9095B928A0ADF300DA01B1 /* HomeViewModel.swift */,
			);
			path = Home;
			sourceTree = "<group>";
		};
		BF9095BC28A0AFF100DA01B1 /* Network */ = {
			isa = PBXGroup;
			children = (
				BF9095C028A0BE6D00DA01B1 /* PostNetwork.swift */,
				BF98ED6228A2D5DE001E65F6 /* CommentNetwork.swift */,
			);
			path = Network;
			sourceTree = "<group>";
		};
		BF9095BD28A0BD6200DA01B1 /* Entity */ = {
			isa = PBXGroup;
			children = (
				BF9095BE28A0BDCA00DA01B1 /* Post.swift */,
				BF98ED6428A2D672001E65F6 /* Comment.swift */,
				BF49D97228A4A787008C93B9 /* PostDetail.swift */,
			);
			path = Entity;
			sourceTree = "<group>";
		};
		BF9095C628A1001F00DA01B1 /* TableViewCell */ = {
			isa = PBXGroup;
			children = (
				BF98ED5F28A2D2AB001E65F6 /* Detail */,
				BF9095C728A1003300DA01B1 /* PostCell */,
				BF9095CC28A1155E00DA01B1 /* TitleCell */,
			);
			path = TableViewCell;
			sourceTree = "<group>";
		};
		BF9095C728A1003300DA01B1 /* PostCell */ = {
			isa = PBXGroup;
			children = (
				BF9095C828A1004300DA01B1 /* PostCell.swift */,
				BF9095E328A15F8200DA01B1 /* PostCellViewModel.swift */,
			);
			path = PostCell;
			sourceTree = "<group>";
		};
		BF9095CC28A1155E00DA01B1 /* TitleCell */ = {
			isa = PBXGroup;
			children = (
				BF9095CA28A1155900DA01B1 /* TitleCell.swift */,
				BF49D97428A4BFD9008C93B9 /* TitleCellViewModel.swift */,
			);
			path = TitleCell;
			sourceTree = "<group>";
		};
		BF9095CD28A1249B00DA01B1 /* Search */ = {
			isa = PBXGroup;
			children = (
				BF9095CE28A124AE00DA01B1 /* SearchViewController.swift */,
				BF9095D028A1299F00DA01B1 /* SearchViewModel.swift */,
			);
			path = Search;
			sourceTree = "<group>";
		};
		BF9095D228A1325E00DA01B1 /* Repository */ = {
			isa = PBXGroup;
			children = (
				BF9095D328A1327800DA01B1 /* HomeRepository.swift */,
				BF9095D528A1342A00DA01B1 /* SearchRepository.swift */,
			);
			path = Repository;
			sourceTree = "<group>";
		};
		BF9095DE28A1389200DA01B1 /* Detail */ = {
			isa = PBXGroup;
			children = (
				BF9095DF28A1389800DA01B1 /* DetailViewController.swift */,
				BF9095E128A138B300DA01B1 /* DetailViewModel.swift */,
			);
			path = Detail;
			sourceTree = "<group>";
		};
		BF98ED5928A2D25C001E65F6 /* imageCell */ = {
			isa = PBXGroup;
			children = (
				BF98ED4A28A2B853001E65F6 /* ImageCell.swift */,
			);
			path = imageCell;
			sourceTree = "<group>";
		};
		BF98ED5A28A2D272001E65F6 /* TopStackViewCell */ = {
			isa = PBXGroup;
			children = (
				BF98ED4C28A2BF80001E65F6 /* TopStackViewCell.swift */,
				BF49D97628A4C610008C93B9 /* TopStackViewCellViewModel.swift */,
			);
			path = TopStackViewCell;
			sourceTree = "<group>";
		};
		BF98ED5B28A2D287001E65F6 /* OverviewCell */ = {
			isa = PBXGroup;
			children = (
				BF98ED4E28A2C244001E65F6 /* OverviewCell.swift */,
				BF49D97828A4CB2B008C93B9 /* OverviewCellViewModel.swift */,
			);
			path = OverviewCell;
			sourceTree = "<group>";
		};
		BF98ED5C28A2D28D001E65F6 /* BottomStackViewCell */ = {
			isa = PBXGroup;
			children = (
				BF98ED5028A2C4C1001E65F6 /* BottomStackViewCell.swift */,
				BF49D97A28A4CC60008C93B9 /* BottomStackvViewCellViewModel.swift */,
			);
			path = BottomStackViewCell;
			sourceTree = "<group>";
		};
		BF98ED5D28A2D296001E65F6 /* Comment */ = {
			isa = PBXGroup;
			children = (
				BF98ED5228A2C80E001E65F6 /* CommentViewController.swift */,
				BF98ED6028A2D2CA001E65F6 /* CommentViewModel.swift */,
			);
			path = Comment;
			sourceTree = "<group>";
		};
		BF98ED5E28A2D29D001E65F6 /* CommentCell */ = {
			isa = PBXGroup;
			children = (
				BF98ED5728A2D161001E65F6 /* CommentCell.swift */,
			);
			path = CommentCell;
			sourceTree = "<group>";
		};
		BF98ED5F28A2D2AB001E65F6 /* Detail */ = {
			isa = PBXGroup;
			children = (
				BF98ED5928A2D25C001E65F6 /* imageCell */,
				BF98ED5A28A2D272001E65F6 /* TopStackViewCell */,
				BF98ED5B28A2D287001E65F6 /* OverviewCell */,
				BF98ED5C28A2D28D001E65F6 /* BottomStackViewCell */,
				BF98ED5E28A2D29D001E65F6 /* CommentCell */,
			);
			path = Detail;
			sourceTree = "<group>";
		};
		D816FA1394C55BBEDB57F896 /* Pods */ = {
			isa = PBXGroup;
			children = (
				A3834DE8E9E89CF4F27F9527 /* Pods-Movie_RnR_iOS.debug.xcconfig */,
				D4D40B14C315E568C02A1A26 /* Pods-Movie_RnR_iOS.release.xcconfig */,
			);
			path = Pods;
			sourceTree = "<group>";
		};
/* End PBXGroup section */

/* Begin PBXNativeTarget section */
		BF6DA08D28807C3200177714 /* Movie_RnR_iOS */ = {
			isa = PBXNativeTarget;
			buildConfigurationList = BF6DA0A228807C3300177714 /* Build configuration list for PBXNativeTarget "Movie_RnR_iOS" */;
			buildPhases = (
				B9FA70C0B12F7D790A2F6946 /* [CP] Check Pods Manifest.lock */,
				BF6DA08A28807C3200177714 /* Sources */,
				BF6DA08B28807C3200177714 /* Frameworks */,
				BF6DA08C28807C3200177714 /* Resources */,
				337DE622F296775C2B78607D /* [CP] Embed Pods Frameworks */,
			);
			buildRules = (
			);
			dependencies = (
			);
			name = Movie_RnR_iOS;
			productName = Movie_RnR_iOS;
			productReference = BF6DA08E28807C3200177714 /* Movie_RnR_iOS.app */;
			productType = "com.apple.product-type.application";
		};
/* End PBXNativeTarget section */

/* Begin PBXProject section */
		BF6DA08628807C3200177714 /* Project object */ = {
			isa = PBXProject;
			attributes = {
				BuildIndependentTargetsInParallel = 1;
				LastSwiftUpdateCheck = 1340;
				LastUpgradeCheck = 1340;
				TargetAttributes = {
					BF6DA08D28807C3200177714 = {
						CreatedOnToolsVersion = 13.4.1;
					};
				};
			};
			buildConfigurationList = BF6DA08928807C3200177714 /* Build configuration list for PBXProject "Movie_RnR_iOS" */;
			compatibilityVersion = "Xcode 13.0";
			developmentRegion = en;
			hasScannedForEncodings = 0;
			knownRegions = (
				en,
				Base,
			);
			mainGroup = BF6DA08528807C3200177714;
			productRefGroup = BF6DA08F28807C3200177714 /* Products */;
			projectDirPath = "";
			projectRoot = "";
			targets = (
				BF6DA08D28807C3200177714 /* Movie_RnR_iOS */,
			);
		};
/* End PBXProject section */

/* Begin PBXResourcesBuildPhase section */
		BF6DA08C28807C3200177714 /* Resources */ = {
			isa = PBXResourcesBuildPhase;
			buildActionMask = 2147483647;
			files = (
				BFFE98462884660A003B5AF8 /* Jua-Regular.ttf in Resources */,
				BFAC2C7C28832F3600CF3E49 /* TitleTableViewCell.xib in Resources */,
				BF0DE8742883181A0048905C /* PostingTableViewCell.xib in Resources */,
				BF6DA09E28807C3300177714 /* LaunchScreen.storyboard in Resources */,
				BF6DA09B28807C3300177714 /* Assets.xcassets in Resources */,
				BF6DA09928807C3200177714 /* Main.storyboard in Resources */,
				BF0DE86E288314640048905C /* CarterOne-Regular.ttf in Resources */,
				BF440DF42887389000DABCA5 /* CommentTableViewCell.xib in Resources */,
			);
			runOnlyForDeploymentPostprocessing = 0;
		};
/* End PBXResourcesBuildPhase section */

/* Begin PBXShellScriptBuildPhase section */
		337DE622F296775C2B78607D /* [CP] Embed Pods Frameworks */ = {
			isa = PBXShellScriptBuildPhase;
			buildActionMask = 2147483647;
			files = (
			);
			inputFileListPaths = (
				"${PODS_ROOT}/Target Support Files/Pods-Movie_RnR_iOS/Pods-Movie_RnR_iOS-frameworks-${CONFIGURATION}-input-files.xcfilelist",
			);
			name = "[CP] Embed Pods Frameworks";
			outputFileListPaths = (
				"${PODS_ROOT}/Target Support Files/Pods-Movie_RnR_iOS/Pods-Movie_RnR_iOS-frameworks-${CONFIGURATION}-output-files.xcfilelist",
			);
			runOnlyForDeploymentPostprocessing = 0;
			shellPath = /bin/sh;
			shellScript = "\"${PODS_ROOT}/Target Support Files/Pods-Movie_RnR_iOS/Pods-Movie_RnR_iOS-frameworks.sh\"\n";
			showEnvVarsInLog = 0;
		};
		B9FA70C0B12F7D790A2F6946 /* [CP] Check Pods Manifest.lock */ = {
			isa = PBXShellScriptBuildPhase;
			buildActionMask = 2147483647;
			files = (
			);
			inputFileListPaths = (
			);
			inputPaths = (
				"${PODS_PODFILE_DIR_PATH}/Podfile.lock",
				"${PODS_ROOT}/Manifest.lock",
			);
			name = "[CP] Check Pods Manifest.lock";
			outputFileListPaths = (
			);
			outputPaths = (
				"$(DERIVED_FILE_DIR)/Pods-Movie_RnR_iOS-checkManifestLockResult.txt",
			);
			runOnlyForDeploymentPostprocessing = 0;
			shellPath = /bin/sh;
			shellScript = "diff \"${PODS_PODFILE_DIR_PATH}/Podfile.lock\" \"${PODS_ROOT}/Manifest.lock\" > /dev/null\nif [ $? != 0 ] ; then\n    # print error to STDERR\n    echo \"error: The sandbox is not in sync with the Podfile.lock. Run 'pod install' or update your CocoaPods installation.\" >&2\n    exit 1\nfi\n# This output is used by Xcode 'outputs' to avoid re-running this script phase.\necho \"SUCCESS\" > \"${SCRIPT_OUTPUT_FILE_0}\"\n";
			showEnvVarsInLog = 0;
		};
/* End PBXShellScriptBuildPhase section */

/* Begin PBXSourcesBuildPhase section */
		BF6DA08A28807C3200177714 /* Sources */ = {
			isa = PBXSourcesBuildPhase;
			buildActionMask = 2147483647;
			files = (
				BFAC2C7B28832F3600CF3E49 /* TitleTableViewCell.swift in Sources */,
				BF0DE8732883181A0048905C /* PostingTableViewCell.swift in Sources */,
				BF98ED6328A2D5DE001E65F6 /* CommentNetwork.swift in Sources */,
				BF9095C128A0BE6D00DA01B1 /* PostNetwork.swift in Sources */,
				BF49D97328A4A787008C93B9 /* PostDetail.swift in Sources */,
				BF9095CF28A124AE00DA01B1 /* SearchViewController.swift in Sources */,
				BF49D97B28A4CC60008C93B9 /* BottomStackvViewCellViewModel.swift in Sources */,
				BF0DE870288316E80048905C /* K.swift in Sources */,
				BF98ED4B28A2B853001E65F6 /* ImageCell.swift in Sources */,
				BF6DA09228807C3200177714 /* AppDelegate.swift in Sources */,
				BF9095E028A1389800DA01B1 /* DetailViewController.swift in Sources */,
				BF49D97728A4C610008C93B9 /* TopStackViewCellViewModel.swift in Sources */,
				BF9095E428A15F8200DA01B1 /* PostCellViewModel.swift in Sources */,
				BF9095D128A1299F00DA01B1 /* SearchViewModel.swift in Sources */,
				BF9095D628A1342A00DA01B1 /* SearchRepository.swift in Sources */,
				BF9095E228A138B300DA01B1 /* DetailViewModel.swift in Sources */,
				BF98ED4F28A2C244001E65F6 /* OverviewCell.swift in Sources */,
				BF9095BF28A0BDCA00DA01B1 /* Post.swift in Sources */,
				BF98ED5128A2C4C1001E65F6 /* BottomStackViewCell.swift in Sources */,
				BF49D97928A4CB2B008C93B9 /* OverviewCellViewModel.swift in Sources */,
				BF56AAE12888035F001D74C8 /* UserData.swift in Sources */,
				BF6DA09428807C3200177714 /* SceneDelegate.swift in Sources */,
				BF0DE86A288311960048905C /* Posting.swift in Sources */,
				BF98ED4D28A2BF80001E65F6 /* TopStackViewCell.swift in Sources */,
				BF9095BA28A0ADF300DA01B1 /* HomeViewModel.swift in Sources */,
				BF9095B728A0A40E00DA01B1 /* HomeViewController.swift in Sources */,
				BF6A3F4B2885AF0500D33C6D /* PostingDetail.swift in Sources */,
				BF9095CB28A1155900DA01B1 /* TitleCell.swift in Sources */,
				BF98ED5828A2D161001E65F6 /* CommentCell.swift in Sources */,
				BF9095D428A1327800DA01B1 /* HomeRepository.swift in Sources */,
				BF3708A1288D99F100A99482 /* JoinData.swift in Sources */,
				BF98ED6528A2D672001E65F6 /* Comment.swift in Sources */,
				BF98ED6128A2D2CA001E65F6 /* CommentViewModel.swift in Sources */,
				BF9095C928A1004300DA01B1 /* PostCell.swift in Sources */,
				BF98ED5328A2C80E001E65F6 /* CommentViewController.swift in Sources */,
				BF49D97528A4BFD9008C93B9 /* TitleCellViewModel.swift in Sources */,
			);
			runOnlyForDeploymentPostprocessing = 0;
		};
/* End PBXSourcesBuildPhase section */

/* Begin PBXVariantGroup section */
		BF6DA09728807C3200177714 /* Main.storyboard */ = {
			isa = PBXVariantGroup;
			children = (
				BF6DA09828807C3200177714 /* Base */,
			);
			name = Main.storyboard;
			sourceTree = "<group>";
		};
		BF6DA09C28807C3300177714 /* LaunchScreen.storyboard */ = {
			isa = PBXVariantGroup;
			children = (
				BF6DA09D28807C3300177714 /* Base */,
			);
			name = LaunchScreen.storyboard;
			sourceTree = "<group>";
		};
/* End PBXVariantGroup section */

/* Begin XCBuildConfiguration section */
		BF6DA0A028807C3300177714 /* Debug */ = {
			isa = XCBuildConfiguration;
			buildSettings = {
				ALWAYS_SEARCH_USER_PATHS = NO;
				CLANG_ANALYZER_NONNULL = YES;
				CLANG_ANALYZER_NUMBER_OBJECT_CONVERSION = YES_AGGRESSIVE;
				CLANG_CXX_LANGUAGE_STANDARD = "gnu++17";
				CLANG_ENABLE_MODULES = YES;
				CLANG_ENABLE_OBJC_ARC = YES;
				CLANG_ENABLE_OBJC_WEAK = YES;
				CLANG_WARN_BLOCK_CAPTURE_AUTORELEASING = YES;
				CLANG_WARN_BOOL_CONVERSION = YES;
				CLANG_WARN_COMMA = YES;
				CLANG_WARN_CONSTANT_CONVERSION = YES;
				CLANG_WARN_DEPRECATED_OBJC_IMPLEMENTATIONS = YES;
				CLANG_WARN_DIRECT_OBJC_ISA_USAGE = YES_ERROR;
				CLANG_WARN_DOCUMENTATION_COMMENTS = YES;
				CLANG_WARN_EMPTY_BODY = YES;
				CLANG_WARN_ENUM_CONVERSION = YES;
				CLANG_WARN_INFINITE_RECURSION = YES;
				CLANG_WARN_INT_CONVERSION = YES;
				CLANG_WARN_NON_LITERAL_NULL_CONVERSION = YES;
				CLANG_WARN_OBJC_IMPLICIT_RETAIN_SELF = YES;
				CLANG_WARN_OBJC_LITERAL_CONVERSION = YES;
				CLANG_WARN_OBJC_ROOT_CLASS = YES_ERROR;
				CLANG_WARN_QUOTED_INCLUDE_IN_FRAMEWORK_HEADER = YES;
				CLANG_WARN_RANGE_LOOP_ANALYSIS = YES;
				CLANG_WARN_STRICT_PROTOTYPES = YES;
				CLANG_WARN_SUSPICIOUS_MOVE = YES;
				CLANG_WARN_UNGUARDED_AVAILABILITY = YES_AGGRESSIVE;
				CLANG_WARN_UNREACHABLE_CODE = YES;
				CLANG_WARN__DUPLICATE_METHOD_MATCH = YES;
				COPY_PHASE_STRIP = NO;
				DEBUG_INFORMATION_FORMAT = dwarf;
				ENABLE_STRICT_OBJC_MSGSEND = YES;
				ENABLE_TESTABILITY = YES;
				GCC_C_LANGUAGE_STANDARD = gnu11;
				GCC_DYNAMIC_NO_PIC = NO;
				GCC_NO_COMMON_BLOCKS = YES;
				GCC_OPTIMIZATION_LEVEL = 0;
				GCC_PREPROCESSOR_DEFINITIONS = (
					"DEBUG=1",
					"$(inherited)",
				);
				GCC_WARN_64_TO_32_BIT_CONVERSION = YES;
				GCC_WARN_ABOUT_RETURN_TYPE = YES_ERROR;
				GCC_WARN_UNDECLARED_SELECTOR = YES;
				GCC_WARN_UNINITIALIZED_AUTOS = YES_AGGRESSIVE;
				GCC_WARN_UNUSED_FUNCTION = YES;
				GCC_WARN_UNUSED_VARIABLE = YES;
				IPHONEOS_DEPLOYMENT_TARGET = 15.5;
				MTL_ENABLE_DEBUG_INFO = INCLUDE_SOURCE;
				MTL_FAST_MATH = YES;
				ONLY_ACTIVE_ARCH = YES;
				SDKROOT = iphoneos;
				SWIFT_ACTIVE_COMPILATION_CONDITIONS = DEBUG;
				SWIFT_OPTIMIZATION_LEVEL = "-Onone";
			};
			name = Debug;
		};
		BF6DA0A128807C3300177714 /* Release */ = {
			isa = XCBuildConfiguration;
			buildSettings = {
				ALWAYS_SEARCH_USER_PATHS = NO;
				CLANG_ANALYZER_NONNULL = YES;
				CLANG_ANALYZER_NUMBER_OBJECT_CONVERSION = YES_AGGRESSIVE;
				CLANG_CXX_LANGUAGE_STANDARD = "gnu++17";
				CLANG_ENABLE_MODULES = YES;
				CLANG_ENABLE_OBJC_ARC = YES;
				CLANG_ENABLE_OBJC_WEAK = YES;
				CLANG_WARN_BLOCK_CAPTURE_AUTORELEASING = YES;
				CLANG_WARN_BOOL_CONVERSION = YES;
				CLANG_WARN_COMMA = YES;
				CLANG_WARN_CONSTANT_CONVERSION = YES;
				CLANG_WARN_DEPRECATED_OBJC_IMPLEMENTATIONS = YES;
				CLANG_WARN_DIRECT_OBJC_ISA_USAGE = YES_ERROR;
				CLANG_WARN_DOCUMENTATION_COMMENTS = YES;
				CLANG_WARN_EMPTY_BODY = YES;
				CLANG_WARN_ENUM_CONVERSION = YES;
				CLANG_WARN_INFINITE_RECURSION = YES;
				CLANG_WARN_INT_CONVERSION = YES;
				CLANG_WARN_NON_LITERAL_NULL_CONVERSION = YES;
				CLANG_WARN_OBJC_IMPLICIT_RETAIN_SELF = YES;
				CLANG_WARN_OBJC_LITERAL_CONVERSION = YES;
				CLANG_WARN_OBJC_ROOT_CLASS = YES_ERROR;
				CLANG_WARN_QUOTED_INCLUDE_IN_FRAMEWORK_HEADER = YES;
				CLANG_WARN_RANGE_LOOP_ANALYSIS = YES;
				CLANG_WARN_STRICT_PROTOTYPES = YES;
				CLANG_WARN_SUSPICIOUS_MOVE = YES;
				CLANG_WARN_UNGUARDED_AVAILABILITY = YES_AGGRESSIVE;
				CLANG_WARN_UNREACHABLE_CODE = YES;
				CLANG_WARN__DUPLICATE_METHOD_MATCH = YES;
				COPY_PHASE_STRIP = NO;
				DEBUG_INFORMATION_FORMAT = "dwarf-with-dsym";
				ENABLE_NS_ASSERTIONS = NO;
				ENABLE_STRICT_OBJC_MSGSEND = YES;
				GCC_C_LANGUAGE_STANDARD = gnu11;
				GCC_NO_COMMON_BLOCKS = YES;
				GCC_WARN_64_TO_32_BIT_CONVERSION = YES;
				GCC_WARN_ABOUT_RETURN_TYPE = YES_ERROR;
				GCC_WARN_UNDECLARED_SELECTOR = YES;
				GCC_WARN_UNINITIALIZED_AUTOS = YES_AGGRESSIVE;
				GCC_WARN_UNUSED_FUNCTION = YES;
				GCC_WARN_UNUSED_VARIABLE = YES;
				IPHONEOS_DEPLOYMENT_TARGET = 15.5;
				MTL_ENABLE_DEBUG_INFO = NO;
				MTL_FAST_MATH = YES;
				SDKROOT = iphoneos;
				SWIFT_COMPILATION_MODE = wholemodule;
				SWIFT_OPTIMIZATION_LEVEL = "-O";
				VALIDATE_PRODUCT = YES;
			};
			name = Release;
		};
		BF6DA0A328807C3300177714 /* Debug */ = {
			isa = XCBuildConfiguration;
			baseConfigurationReference = A3834DE8E9E89CF4F27F9527 /* Pods-Movie_RnR_iOS.debug.xcconfig */;
			buildSettings = {
				ASSETCATALOG_COMPILER_APPICON_NAME = AppIcon;
				ASSETCATALOG_COMPILER_GLOBAL_ACCENT_COLOR_NAME = AccentColor;
				CODE_SIGN_IDENTITY = "Apple Development";
				CODE_SIGN_STYLE = Automatic;
				CURRENT_PROJECT_VERSION = 1;
				DEVELOPMENT_TEAM = KB3R84Q4BQ;
				GENERATE_INFOPLIST_FILE = YES;
				INFOPLIST_FILE = Movie_RnR_iOS/Info.plist;
				INFOPLIST_KEY_UIApplicationSupportsIndirectInputEvents = YES;
				INFOPLIST_KEY_UILaunchStoryboardName = LaunchScreen;
				INFOPLIST_KEY_UISupportedInterfaceOrientations_iPad = "UIInterfaceOrientationPortrait UIInterfaceOrientationPortraitUpsideDown UIInterfaceOrientationLandscapeLeft UIInterfaceOrientationLandscapeRight";
				INFOPLIST_KEY_UISupportedInterfaceOrientations_iPhone = "UIInterfaceOrientationPortrait UIInterfaceOrientationLandscapeLeft UIInterfaceOrientationLandscapeRight";
				LD_RUNPATH_SEARCH_PATHS = (
					"$(inherited)",
					"@executable_path/Frameworks",
				);
				MARKETING_VERSION = 1.0;
				PRODUCT_BUNDLE_IDENTIFIER = "com.taeyangeom.Movie-RnR-iOS";
				PRODUCT_NAME = "$(TARGET_NAME)";
				PROVISIONING_PROFILE_SPECIFIER = "";
				SWIFT_EMIT_LOC_STRINGS = YES;
				SWIFT_VERSION = 5.0;
				TARGETED_DEVICE_FAMILY = "1,2";
			};
			name = Debug;
		};
		BF6DA0A428807C3300177714 /* Release */ = {
			isa = XCBuildConfiguration;
			baseConfigurationReference = D4D40B14C315E568C02A1A26 /* Pods-Movie_RnR_iOS.release.xcconfig */;
			buildSettings = {
				ASSETCATALOG_COMPILER_APPICON_NAME = AppIcon;
				ASSETCATALOG_COMPILER_GLOBAL_ACCENT_COLOR_NAME = AccentColor;
				CODE_SIGN_IDENTITY = "Apple Development";
				CODE_SIGN_STYLE = Automatic;
				CURRENT_PROJECT_VERSION = 1;
				DEVELOPMENT_TEAM = KB3R84Q4BQ;
				GENERATE_INFOPLIST_FILE = YES;
				INFOPLIST_FILE = Movie_RnR_iOS/Info.plist;
				INFOPLIST_KEY_UIApplicationSupportsIndirectInputEvents = YES;
				INFOPLIST_KEY_UILaunchStoryboardName = LaunchScreen;
				INFOPLIST_KEY_UISupportedInterfaceOrientations_iPad = "UIInterfaceOrientationPortrait UIInterfaceOrientationPortraitUpsideDown UIInterfaceOrientationLandscapeLeft UIInterfaceOrientationLandscapeRight";
				INFOPLIST_KEY_UISupportedInterfaceOrientations_iPhone = "UIInterfaceOrientationPortrait UIInterfaceOrientationLandscapeLeft UIInterfaceOrientationLandscapeRight";
				LD_RUNPATH_SEARCH_PATHS = (
					"$(inherited)",
					"@executable_path/Frameworks",
				);
				MARKETING_VERSION = 1.0;
				PRODUCT_BUNDLE_IDENTIFIER = "com.taeyangeom.Movie-RnR-iOS";
				PRODUCT_NAME = "$(TARGET_NAME)";
				PROVISIONING_PROFILE_SPECIFIER = "";
				SWIFT_EMIT_LOC_STRINGS = YES;
				SWIFT_VERSION = 5.0;
				TARGETED_DEVICE_FAMILY = "1,2";
			};
			name = Release;
		};
/* End XCBuildConfiguration section */

/* Begin XCConfigurationList section */
		BF6DA08928807C3200177714 /* Build configuration list for PBXProject "Movie_RnR_iOS" */ = {
			isa = XCConfigurationList;
			buildConfigurations = (
				BF6DA0A028807C3300177714 /* Debug */,
				BF6DA0A128807C3300177714 /* Release */,
			);
			defaultConfigurationIsVisible = 0;
			defaultConfigurationName = Release;
		};
		BF6DA0A228807C3300177714 /* Build configuration list for PBXNativeTarget "Movie_RnR_iOS" */ = {
			isa = XCConfigurationList;
			buildConfigurations = (
				BF6DA0A328807C3300177714 /* Debug */,
				BF6DA0A428807C3300177714 /* Release */,
			);
			defaultConfigurationIsVisible = 0;
			defaultConfigurationName = Release;
		};
/* End XCConfigurationList section */
	};
	rootObject = BF6DA08628807C3200177714 /* Project object */;
}
